
Microsoft Visual Studio Solution File, Format Version 12.00
# Visual Studio Version 17
VisualStudioVersion = 17.0.31903.59
MinimumVisualStudioVersion = 10.0.40219.1
Project("{FAE04EC0-301F-11D3-BF4B-00C04F79EFBC}") = "managerAppData", "managerAppData\managerAppData.csproj", "{A57F7C68-6F75-48BF-A7E5-C886DF9F5476}"
EndProject
Project("{FAE04EC0-301F-11D3-BF4B-00C04F79EFBC}") = "managerAppServices", "managerAppServices\managerAppServices.csproj", "{C53378F3-5617-4053-AC31-54A549099EDE}"
EndProject
Project("{FAE04EC0-301F-11D3-BF4B-00C04F79EFBC}") = "managerAppTest", "managerAppTest\managerAppTest.csproj", "{BB6C8331-A884-4925-83C4-F3FFCBDC06AB}"
EndProject
Project("{FAE04EC0-301F-11D3-BF4B-00C04F79EFBC}") = "managerAppApi", "managerAppApi\managerAppApi.csproj", "{19B75747-A291-42CA-9EA0-6F59A7E0F88C}"
EndProject
Global
	GlobalSection(SolutionConfigurationPlatforms) = preSolution
		Debug|Any CPU = Debug|Any CPU
		Release|Any CPU = Release|Any CPU
	EndGlobalSection
	GlobalSection(SolutionProperties) = preSolution
		HideSolutionNode = FALSE
	EndGlobalSection
	GlobalSection(ProjectConfigurationPlatforms) = postSolution
		{A57F7C68-6F75-48BF-A7E5-C886DF9F5476}.Debug|Any CPU.ActiveCfg = Debug|Any CPU
		{A57F7C68-6F75-48BF-A7E5-C886DF9F5476}.Debug|Any CPU.Build.0 = Debug|Any CPU
		{A57F7C68-6F75-48BF-A7E5-C886DF9F5476}.Release|Any CPU.ActiveCfg = Release|Any CPU
		{A57F7C68-6F75-48BF-A7E5-C886DF9F5476}.Release|Any CPU.Build.0 = Release|Any CPU
		{C53378F3-5617-4053-AC31-54A549099EDE}.Debug|Any CPU.ActiveCfg = Debug|Any CPU
		{C53378F3-5617-4053-AC31-54A549099EDE}.Debug|Any CPU.Build.0 = Debug|Any CPU
		{C53378F3-5617-4053-AC31-54A549099EDE}.Release|Any CPU.ActiveCfg = Release|Any CPU
		{C53378F3-5617-4053-AC31-54A549099EDE}.Release|Any CPU.Build.0 = Release|Any CPU
		{BB6C8331-A884-4925-83C4-F3FFCBDC06AB}.Debug|Any CPU.ActiveCfg = Debug|Any CPU
		{BB6C8331-A884-4925-83C4-F3FFCBDC06AB}.Debug|Any CPU.Build.0 = Debug|Any CPU
		{BB6C8331-A884-4925-83C4-F3FFCBDC06AB}.Release|Any CPU.ActiveCfg = Release|Any CPU
		{BB6C8331-A884-4925-83C4-F3FFCBDC06AB}.Release|Any CPU.Build.0 = Release|Any CPU
		{19B75747-A291-42CA-9EA0-6F59A7E0F88C}.Debug|Any CPU.ActiveCfg = Debug|Any CPU
		{19B75747-A291-42CA-9EA0-6F59A7E0F88C}.Debug|Any CPU.Build.0 = Debug|Any CPU
		{19B75747-A291-42CA-9EA0-6F59A7E0F88C}.Release|Any CPU.ActiveCfg = Release|Any CPU
		{19B75747-A291-42CA-9EA0-6F59A7E0F88C}.Release|Any CPU.Build.0 = Release|Any CPU
	EndGlobalSection
EndGlobal
